github.com/ghosind/go-assert v0.1.6 h1:e+DbvdWbtvT0HxyVDdihYa8XtW9XbQiyxw8s0pcNkLg=
github.com/ghosind/go-assert v0.1.6/go.mod h1:PDempWEq6fOdEuqpqTuHh3HC0lCFx+ppaMHiPQbGCas=
golang.org/x/net v0.19.0 h1:zTwKpTd2XuCqf8huc7Fo2iSy+4RHPd10s4KzeTnVr1c=
golang.org/x/net v0.19.0/go.mod h1:CfAk/cbD4CthTvqiEl8NpboMuiuOYsAr/7NOjZJtv1U=
