github.com/ghosind/go-assert v0.1.1 h1:uMkRk3S76SaEzpWa1z6rOsXoZOgSK8HgFnXyeIPKgnI=
github.com/ghosind/go-assert v0.1.1/go.mod h1:PDempWEq6fOdEuqpqTuHh3HC0lCFx+ppaMHiPQbGCas=
github.com/ghosind/go-assert v0.1.3 h1:L4WFwEjMxBMYEcUIvYvNowJ9o1slu3Ik0gZClIPF32Q=
github.com/ghosind/go-assert v0.1.3/go.mod h1:PDempWEq6fOdEuqpqTuHh3HC0lCFx+ppaMHiPQbGCas=
